// !$*UTF8*$!
{
	archiveVersion = 1;
	classes = {
	};
	objectVersion = 55;
	objects = {

/* Begin PBXBuildFile section */
		A92C6A322809543900A2EE18 /* TestAddTask.swift in Sources */ = {isa = PBXBuildFile; fileRef = A92C6A312809543900A2EE18 /* TestAddTask.swift */; };
		A92C6A342809614B00A2EE18 /* TestLoadView.swift in Sources */ = {isa = PBXBuildFile; fileRef = A92C6A332809614B00A2EE18 /* TestLoadView.swift */; };
		A92C6A36280971DA00A2EE18 /* AsyncImage.swift in Sources */ = {isa = PBXBuildFile; fileRef = A92C6A35280971DA00A2EE18 /* AsyncImage.swift */; };
		A92C6A38280971DF00A2EE18 /* ImageCache.swift in Sources */ = {isa = PBXBuildFile; fileRef = A92C6A37280971DF00A2EE18 /* ImageCache.swift */; };
		A92C6A3A280971E400A2EE18 /* ImageLoader.swift in Sources */ = {isa = PBXBuildFile; fileRef = A92C6A39280971E400A2EE18 /* ImageLoader.swift */; };
		A92C6A3C280971E800A2EE18 /* EnvironmentValues+ImageCache.swift in Sources */ = {isa = PBXBuildFile; fileRef = A92C6A3B280971E800A2EE18 /* EnvironmentValues+ImageCache.swift */; };
		A92C6A3F2809723800A2EE18 /* TestLoadViewOld.swift in Sources */ = {isa = PBXBuildFile; fileRef = A92C6A3E2809723800A2EE18 /* TestLoadViewOld.swift */; };
		A9C2834F2808209200329FAC /* Badge.swift in Sources */ = {isa = PBXBuildFile; fileRef = A909693028082033002734E5 /* Badge.swift */; };
		A9C283502808209500329FAC /* BadgeBackground.swift in Sources */ = {isa = PBXBuildFile; fileRef = A909692F28082033002734E5 /* BadgeBackground.swift */; };
		A9C283512808209800329FAC /* BadgeSymbol.swift in Sources */ = {isa = PBXBuildFile; fileRef = A909693228082033002734E5 /* BadgeSymbol.swift */; };
		A9C283522808209800329FAC /* RotatedBadgeSymbol.swift in Sources */ = {isa = PBXBuildFile; fileRef = A909693328082033002734E5 /* RotatedBadgeSymbol.swift */; };
		A9C283532808209800329FAC /* HexagonParameters.swift in Sources */ = {isa = PBXBuildFile; fileRef = A909693128082033002734E5 /* HexagonParameters.swift */; };
		A9C283552808218300329FAC /* hikeData.json in Resources */ = {isa = PBXBuildFile; fileRef = A9C283542808218000329FAC /* hikeData.json */; };
		A9C28357280821B100329FAC /* Hike.swift in Sources */ = {isa = PBXBuildFile; fileRef = A9C28356280821B100329FAC /* Hike.swift */; };
		A9C2835D2808224F00329FAC /* GraphCapsule.swift in Sources */ = {isa = PBXBuildFile; fileRef = A9C283592808224F00329FAC /* GraphCapsule.swift */; };
		A9C2835E2808224F00329FAC /* HikeGraph.swift in Sources */ = {isa = PBXBuildFile; fileRef = A9C2835A2808224F00329FAC /* HikeGraph.swift */; };
		A9C2835F2808224F00329FAC /* HikeDetail.swift in Sources */ = {isa = PBXBuildFile; fileRef = A9C2835B2808224F00329FAC /* HikeDetail.swift */; };
		A9C283602808224F00329FAC /* HikeView.swift in Sources */ = {isa = PBXBuildFile; fileRef = A9C2835C2808224F00329FAC /* HikeView.swift */; };
		A9C2838228082F8A00329FAC /* CategoryHome.swift in Sources */ = {isa = PBXBuildFile; fileRef = A9C2838128082F8A00329FAC /* CategoryHome.swift */; };
		A9C283842808305200329FAC /* CategoryRow.swift in Sources */ = {isa = PBXBuildFile; fileRef = A9C283832808305200329FAC /* CategoryRow.swift */; };
		A9C28386280830A200329FAC /* CategoryItem.swift in Sources */ = {isa = PBXBuildFile; fileRef = A9C28385280830A200329FAC /* CategoryItem.swift */; };
		A9C283892808341E00329FAC /* Profile.swift in Sources */ = {isa = PBXBuildFile; fileRef = A9C283882808341E00329FAC /* Profile.swift */; };
		A9C2838C2808345900329FAC /* ProfileHost.swift in Sources */ = {isa = PBXBuildFile; fileRef = A9C2838B2808345900329FAC /* ProfileHost.swift */; };
		A9C2838E2808349E00329FAC /* ProfileSummary.swift in Sources */ = {isa = PBXBuildFile; fileRef = A9C2838D2808349E00329FAC /* ProfileSummary.swift */; };
		A9C283902808355000329FAC /* HikeBadge.swift in Sources */ = {isa = PBXBuildFile; fileRef = A9C2838F2808355000329FAC /* HikeBadge.swift */; };
		A9C28392280837BD00329FAC /* ProfileEditor.swift in Sources */ = {isa = PBXBuildFile; fileRef = A9C28391280837BD00329FAC /* ProfileEditor.swift */; };
		A9C2839428083AEA00329FAC /* PageViewController.swift in Sources */ = {isa = PBXBuildFile; fileRef = A9C2839328083AEA00329FAC /* PageViewController.swift */; };
		A9C2839628083B7800329FAC /* FeatureCard.swift in Sources */ = {isa = PBXBuildFile; fileRef = A9C2839528083B7800329FAC /* FeatureCard.swift */; };
		A9C2839828083BBA00329FAC /* PageView.swift in Sources */ = {isa = PBXBuildFile; fileRef = A9C2839728083BBA00329FAC /* PageView.swift */; };
		A9C2839B28083D0500329FAC /* PageControl.swift in Sources */ = {isa = PBXBuildFile; fileRef = A9C2839A28083D0500329FAC /* PageControl.swift */; };
		A9C2839E28083F3C00329FAC /* Stash.xcdatamodeld in Sources */ = {isa = PBXBuildFile; fileRef = A9C2839C28083F3C00329FAC /* Stash.xcdatamodeld */; };
		A9C283A028083FE900329FAC /* Persistence.swift in Sources */ = {isa = PBXBuildFile; fileRef = A9C2839F28083FE900329FAC /* Persistence.swift */; };
		A9C283A2280863A600329FAC /* BlurView.swift in Sources */ = {isa = PBXBuildFile; fileRef = A9C283A1280863A600329FAC /* BlurView.swift */; };
		A9C283A5280864B500329FAC /* HUDProgressView.swift in Sources */ = {isa = PBXBuildFile; fileRef = A9C283A4280864B500329FAC /* HUDProgressView.swift */; };
		A9C283A82808695500329FAC /* Tests.swift in Sources */ = {isa = PBXBuildFile; fileRef = A9C283A72808695500329FAC /* Tests.swift */; };
		A9C283AA28086EBE00329FAC /* AlertControllerView.swift in Sources */ = {isa = PBXBuildFile; fileRef = A9C283A928086EBE00329FAC /* AlertControllerView.swift */; };
		A9F5A67828080BCF00D04550 /* SwiftUI_EssentialsApp.swift in Sources */ = {isa = PBXBuildFile; fileRef = A9F5A67728080BCF00D04550 /* SwiftUI_EssentialsApp.swift */; };
		A9F5A67A28080BCF00D04550 /* ContentView.swift in Sources */ = {isa = PBXBuildFile; fileRef = A9F5A67928080BCF00D04550 /* ContentView.swift */; };
		A9F5A67C28080BD300D04550 /* Assets.xcassets in Resources */ = {isa = PBXBuildFile; fileRef = A9F5A67B28080BD300D04550 /* Assets.xcassets */; };
		A9F5A67F28080BD300D04550 /* Preview Assets.xcassets in Resources */ = {isa = PBXBuildFile; fileRef = A9F5A67E28080BD300D04550 /* Preview Assets.xcassets */; };
		A9F5A68B28080E2500D04550 /* MapView.swift in Sources */ = {isa = PBXBuildFile; fileRef = A9F5A68A28080E2500D04550 /* MapView.swift */; };
		A9F5A68C28080E2500D04550 /* CircleImage.swift in Sources */ = {isa = PBXBuildFile; fileRef = A9F5A68928080E2500D04550 /* CircleImage.swift */; };
		A9F5A68E28080F1600D04550 /* landmarkData.json in Resources */ = {isa = PBXBuildFile; fileRef = A9F5A68D28080F1600D04550 /* landmarkData.json */; };
		A9F5A69028080F3F00D04550 /* Landmark.swift in Sources */ = {isa = PBXBuildFile; fileRef = A9F5A68F28080F3F00D04550 /* Landmark.swift */; };
		A9F5A6922808134700D04550 /* ModelData.swift in Sources */ = {isa = PBXBuildFile; fileRef = A9F5A6912808134700D04550 /* ModelData.swift */; };
		A9F5A697280813B400D04550 /* LandmarkRow.swift in Sources */ = {isa = PBXBuildFile; fileRef = A9F5A696280813B400D04550 /* LandmarkRow.swift */; };
		A9F5A699280813E800D04550 /* LandmarkList.swift in Sources */ = {isa = PBXBuildFile; fileRef = A9F5A698280813E800D04550 /* LandmarkList.swift */; };
		A9F5A69B2808143900D04550 /* LandmarkDetail.swift in Sources */ = {isa = PBXBuildFile; fileRef = A9F5A69A2808143900D04550 /* LandmarkDetail.swift */; };
		A9F5A69D2808179800D04550 /* FavoriteButton.swift in Sources */ = {isa = PBXBuildFile; fileRef = A9F5A69C2808179800D04550 /* FavoriteButton.swift */; };
/* End PBXBuildFile section */

/* Begin PBXFileReference section */
		A909692F28082033002734E5 /* BadgeBackground.swift */ = {isa = PBXFileReference; lastKnownFileType = sourcecode.swift; path = BadgeBackground.swift; sourceTree = "<group>"; };
		A909693028082033002734E5 /* Badge.swift */ = {isa = PBXFileReference; lastKnownFileType = sourcecode.swift; path = Badge.swift; sourceTree = "<group>"; };
		A909693128082033002734E5 /* HexagonParameters.swift */ = {isa = PBXFileReference; lastKnownFileType = sourcecode.swift; path = HexagonParameters.swift; sourceTree = "<group>"; };
		A909693228082033002734E5 /* BadgeSymbol.swift */ = {isa = PBXFileReference; lastKnownFileType = sourcecode.swift; path = BadgeSymbol.swift; sourceTree = "<group>"; };
		A909693328082033002734E5 /* RotatedBadgeSymbol.swift */ = {isa = PBXFileReference; lastKnownFileType = sourcecode.swift; path = RotatedBadgeSymbol.swift; sourceTree = "<group>"; };
		A92C6A312809543900A2EE18 /* TestAddTask.swift */ = {isa = PBXFileReference; lastKnownFileType = sourcecode.swift; path = TestAddTask.swift; sourceTree = "<group>"; };
		A92C6A332809614B00A2EE18 /* TestLoadView.swift */ = {isa = PBXFileReference; lastKnownFileType = sourcecode.swift; path = TestLoadView.swift; sourceTree = "<group>"; };
		A92C6A35280971DA00A2EE18 /* AsyncImage.swift */ = {isa = PBXFileReference; lastKnownFileType = sourcecode.swift; path = AsyncImage.swift; sourceTree = "<group>"; };
		A92C6A37280971DF00A2EE18 /* ImageCache.swift */ = {isa = PBXFileReference; lastKnownFileType = sourcecode.swift; path = ImageCache.swift; sourceTree = "<group>"; };
		A92C6A39280971E400A2EE18 /* ImageLoader.swift */ = {isa = PBXFileReference; lastKnownFileType = sourcecode.swift; path = ImageLoader.swift; sourceTree = "<group>"; };
		A92C6A3B280971E800A2EE18 /* EnvironmentValues+ImageCache.swift */ = {isa = PBXFileReference; lastKnownFileType = sourcecode.swift; path = "EnvironmentValues+ImageCache.swift"; sourceTree = "<group>"; };
		A92C6A3E2809723800A2EE18 /* TestLoadViewOld.swift */ = {isa = PBXFileReference; lastKnownFileType = sourcecode.swift; path = TestLoadViewOld.swift; sourceTree = "<group>"; };
		A9C283542808218000329FAC /* hikeData.json */ = {isa = PBXFileReference; lastKnownFileType = text.json; path = hikeData.json; sourceTree = "<group>"; };
		A9C28356280821B100329FAC /* Hike.swift */ = {isa = PBXFileReference; lastKnownFileType = sourcecode.swift; path = Hike.swift; sourceTree = "<group>"; };
		A9C283592808224F00329FAC /* GraphCapsule.swift */ = {isa = PBXFileReference; fileEncoding = 4; lastKnownFileType = sourcecode.swift; path = GraphCapsule.swift; sourceTree = "<group>"; };
		A9C2835A2808224F00329FAC /* HikeGraph.swift */ = {isa = PBXFileReference; fileEncoding = 4; lastKnownFileType = sourcecode.swift; path = HikeGraph.swift; sourceTree = "<group>"; };
		A9C2835B2808224F00329FAC /* HikeDetail.swift */ = {isa = PBXFileReference; fileEncoding = 4; lastKnownFileType = sourcecode.swift; path = HikeDetail.swift; sourceTree = "<group>"; };
		A9C2835C2808224F00329FAC /* HikeView.swift */ = {isa = PBXFileReference; fileEncoding = 4; lastKnownFileType = sourcecode.swift; path = HikeView.swift; sourceTree = "<group>"; };
		A9C2838128082F8A00329FAC /* CategoryHome.swift */ = {isa = PBXFileReference; lastKnownFileType = sourcecode.swift; path = CategoryHome.swift; sourceTree = "<group>"; };
		A9C283832808305200329FAC /* CategoryRow.swift */ = {isa = PBXFileReference; lastKnownFileType = sourcecode.swift; path = CategoryRow.swift; sourceTree = "<group>"; };
		A9C28385280830A200329FAC /* CategoryItem.swift */ = {isa = PBXFileReference; lastKnownFileType = sourcecode.swift; path = CategoryItem.swift; sourceTree = "<group>"; };
		A9C283882808341E00329FAC /* Profile.swift */ = {isa = PBXFileReference; lastKnownFileType = sourcecode.swift; path = Profile.swift; sourceTree = "<group>"; };
		A9C2838B2808345900329FAC /* ProfileHost.swift */ = {isa = PBXFileReference; lastKnownFileType = sourcecode.swift; path = ProfileHost.swift; sourceTree = "<group>"; };
		A9C2838D2808349E00329FAC /* ProfileSummary.swift */ = {isa = PBXFileReference; lastKnownFileType = sourcecode.swift; path = ProfileSummary.swift; sourceTree = "<group>"; };
		A9C2838F2808355000329FAC /* HikeBadge.swift */ = {isa = PBXFileReference; lastKnownFileType = sourcecode.swift; path = HikeBadge.swift; sourceTree = "<group>"; };
		A9C28391280837BD00329FAC /* ProfileEditor.swift */ = {isa = PBXFileReference; lastKnownFileType = sourcecode.swift; path = ProfileEditor.swift; sourceTree = "<group>"; };
		A9C2839328083AEA00329FAC /* PageViewController.swift */ = {isa = PBXFileReference; lastKnownFileType = sourcecode.swift; path = PageViewController.swift; sourceTree = "<group>"; };
		A9C2839528083B7800329FAC /* FeatureCard.swift */ = {isa = PBXFileReference; lastKnownFileType = sourcecode.swift; path = FeatureCard.swift; sourceTree = "<group>"; };
		A9C2839728083BBA00329FAC /* PageView.swift */ = {isa = PBXFileReference; lastKnownFileType = sourcecode.swift; path = PageView.swift; sourceTree = "<group>"; };
		A9C2839A28083D0500329FAC /* PageControl.swift */ = {isa = PBXFileReference; lastKnownFileType = sourcecode.swift; path = PageControl.swift; sourceTree = "<group>"; };
		A9C2839D28083F3C00329FAC /* Stash.xcdatamodel */ = {isa = PBXFileReference; lastKnownFileType = wrapper.xcdatamodel; path = Stash.xcdatamodel; sourceTree = "<group>"; };
		A9C2839F28083FE900329FAC /* Persistence.swift */ = {isa = PBXFileReference; lastKnownFileType = sourcecode.swift; path = Persistence.swift; sourceTree = "<group>"; };
		A9C283A1280863A600329FAC /* BlurView.swift */ = {isa = PBXFileReference; lastKnownFileType = sourcecode.swift; path = BlurView.swift; sourceTree = "<group>"; };
		A9C283A4280864B500329FAC /* HUDProgressView.swift */ = {isa = PBXFileReference; lastKnownFileType = sourcecode.swift; path = HUDProgressView.swift; sourceTree = "<group>"; };
		A9C283A72808695500329FAC /* Tests.swift */ = {isa = PBXFileReference; lastKnownFileType = sourcecode.swift; path = Tests.swift; sourceTree = "<group>"; };
		A9C283A928086EBE00329FAC /* AlertControllerView.swift */ = {isa = PBXFileReference; lastKnownFileType = sourcecode.swift; path = AlertControllerView.swift; sourceTree = "<group>"; };
		A9F5A67428080BCF00D04550 /* SwiftUI Essentials.app */ = {isa = PBXFileReference; explicitFileType = wrapper.application; includeInIndex = 0; path = "SwiftUI Essentials.app"; sourceTree = BUILT_PRODUCTS_DIR; };
		A9F5A67728080BCF00D04550 /* SwiftUI_EssentialsApp.swift */ = {isa = PBXFileReference; lastKnownFileType = sourcecode.swift; path = SwiftUI_EssentialsApp.swift; sourceTree = "<group>"; };
		A9F5A67928080BCF00D04550 /* ContentView.swift */ = {isa = PBXFileReference; lastKnownFileType = sourcecode.swift; path = ContentView.swift; sourceTree = "<group>"; };
		A9F5A67B28080BD300D04550 /* Assets.xcassets */ = {isa = PBXFileReference; lastKnownFileType = folder.assetcatalog; path = Assets.xcassets; sourceTree = "<group>"; };
		A9F5A67E28080BD300D04550 /* Preview Assets.xcassets */ = {isa = PBXFileReference; lastKnownFileType = folder.assetcatalog; path = "Preview Assets.xcassets"; sourceTree = "<group>"; };
		A9F5A68928080E2500D04550 /* CircleImage.swift */ = {isa = PBXFileReference; lastKnownFileType = sourcecode.swift; path = CircleImage.swift; sourceTree = "<group>"; };
		A9F5A68A28080E2500D04550 /* MapView.swift */ = {isa = PBXFileReference; lastKnownFileType = sourcecode.swift; path = MapView.swift; sourceTree = "<group>"; };
		A9F5A68D28080F1600D04550 /* landmarkData.json */ = {isa = PBXFileReference; fileEncoding = 4; lastKnownFileType = text.json; path = landmarkData.json; sourceTree = "<group>"; };
		A9F5A68F28080F3F00D04550 /* Landmark.swift */ = {isa = PBXFileReference; lastKnownFileType = sourcecode.swift; path = Landmark.swift; sourceTree = "<group>"; };
		A9F5A6912808134700D04550 /* ModelData.swift */ = {isa = PBXFileReference; lastKnownFileType = sourcecode.swift; path = ModelData.swift; sourceTree = "<group>"; };
		A9F5A696280813B400D04550 /* LandmarkRow.swift */ = {isa = PBXFileReference; lastKnownFileType = sourcecode.swift; path = LandmarkRow.swift; sourceTree = "<group>"; };
		A9F5A698280813E800D04550 /* LandmarkList.swift */ = {isa = PBXFileReference; lastKnownFileType = sourcecode.swift; path = LandmarkList.swift; sourceTree = "<group>"; };
		A9F5A69A2808143900D04550 /* LandmarkDetail.swift */ = {isa = PBXFileReference; lastKnownFileType = sourcecode.swift; path = LandmarkDetail.swift; sourceTree = "<group>"; };
		A9F5A69C2808179800D04550 /* FavoriteButton.swift */ = {isa = PBXFileReference; lastKnownFileType = sourcecode.swift; path = FavoriteButton.swift; sourceTree = "<group>"; };
/* End PBXFileReference section */

/* Begin PBXFrameworksBuildPhase section */
		A9F5A67128080BCF00D04550 /* Frameworks */ = {
			isa = PBXFrameworksBuildPhase;
			buildActionMask = 2147483647;
			files = (
			);
			runOnlyForDeploymentPostprocessing = 0;
		};
/* End PBXFrameworksBuildPhase section */

/* Begin PBXGroup section */
		A909692E28082008002734E5 /* Badges */ = {
			isa = PBXGroup;
			children = (
				A909693028082033002734E5 /* Badge.swift */,
				A909692F28082033002734E5 /* BadgeBackground.swift */,
				A909693228082033002734E5 /* BadgeSymbol.swift */,
				A909693328082033002734E5 /* RotatedBadgeSymbol.swift */,
				A909693128082033002734E5 /* HexagonParameters.swift */,
			);
			path = Badges;
			sourceTree = "<group>";
		};
		A92C6A3D280971EF00A2EE18 /* AsyncImageDownloading */ = {
			isa = PBXGroup;
			children = (
				A92C6A35280971DA00A2EE18 /* AsyncImage.swift */,
				A92C6A37280971DF00A2EE18 /* ImageCache.swift */,
				A92C6A39280971E400A2EE18 /* ImageLoader.swift */,
				A92C6A3B280971E800A2EE18 /* EnvironmentValues+ImageCache.swift */,
			);
			path = AsyncImageDownloading;
			sourceTree = "<group>";
		};
		A9C283582808224F00329FAC /* Hikes */ = {
			isa = PBXGroup;
			children = (
				A9C283592808224F00329FAC /* GraphCapsule.swift */,
				A9C2835A2808224F00329FAC /* HikeGraph.swift */,
				A9C2835B2808224F00329FAC /* HikeDetail.swift */,
				A9C2835C2808224F00329FAC /* HikeView.swift */,
				A9C2838F2808355000329FAC /* HikeBadge.swift */,
			);
			path = Hikes;
			sourceTree = "<group>";
		};
		A9C28387280833C600329FAC /* Categories */ = {
			isa = PBXGroup;
			children = (
				A9C2838128082F8A00329FAC /* CategoryHome.swift */,
				A9C28385280830A200329FAC /* CategoryItem.swift */,
				A9C283832808305200329FAC /* CategoryRow.swift */,
			);
			path = Categories;
			sourceTree = "<group>";
		};
		A9C2838A2808344500329FAC /* Profile */ = {
			isa = PBXGroup;
			children = (
				A9C2838B2808345900329FAC /* ProfileHost.swift */,
				A9C2838D2808349E00329FAC /* ProfileSummary.swift */,
				A9C28391280837BD00329FAC /* ProfileEditor.swift */,
			);
			path = Profile;
			sourceTree = "<group>";
		};
		A9C2839928083CAA00329FAC /* PageView */ = {
			isa = PBXGroup;
			children = (
				A9C2839728083BBA00329FAC /* PageView.swift */,
				A9C2839328083AEA00329FAC /* PageViewController.swift */,
				A9C2839A28083D0500329FAC /* PageControl.swift */,
				A9C2839528083B7800329FAC /* FeatureCard.swift */,
			);
			path = PageView;
			sourceTree = "<group>";
		};
		A9C283A32808647F00329FAC /* Utils */ = {
			isa = PBXGroup;
			children = (
				A92C6A3D280971EF00A2EE18 /* AsyncImageDownloading */,
				A9C283A1280863A600329FAC /* BlurView.swift */,
				A9C283A4280864B500329FAC /* HUDProgressView.swift */,
				A9C283A928086EBE00329FAC /* AlertControllerView.swift */,
			);
			path = Utils;
			sourceTree = "<group>";
		};
		A9C283A62808693500329FAC /* Tests */ = {
			isa = PBXGroup;
			children = (
				A9C283A72808695500329FAC /* Tests.swift */,
				A92C6A312809543900A2EE18 /* TestAddTask.swift */,
				A92C6A332809614B00A2EE18 /* TestLoadView.swift */,
				A92C6A3E2809723800A2EE18 /* TestLoadViewOld.swift */,
			);
			path = Tests;
			sourceTree = "<group>";
		};
		A9F5A66B28080BCF00D04550 = {
			isa = PBXGroup;
			children = (
				A9F5A67628080BCF00D04550 /* SwiftUI Essentials */,
				A9F5A67528080BCF00D04550 /* Products */,
			);
			sourceTree = "<group>";
		};
		A9F5A67528080BCF00D04550 /* Products */ = {
			isa = PBXGroup;
			children = (
				A9F5A67428080BCF00D04550 /* SwiftUI Essentials.app */,
			);
			name = Products;
			sourceTree = "<group>";
		};
		A9F5A67628080BCF00D04550 /* SwiftUI Essentials */ = {
			isa = PBXGroup;
			children = (
				A9F5A67728080BCF00D04550 /* SwiftUI_EssentialsApp.swift */,
				A9F5A6942808136A00D04550 /* Views */,
				A9F5A6952808137C00D04550 /* Resources */,
				A9C283A32808647F00329FAC /* Utils */,
				A9F5A6932808135C00D04550 /* Model */,
				A9F5A67B28080BD300D04550 /* Assets.xcassets */,
				A9F5A67D28080BD300D04550 /* Preview Content */,
			);
			path = "SwiftUI Essentials";
			sourceTree = "<group>";
		};
		A9F5A67D28080BD300D04550 /* Preview Content */ = {
			isa = PBXGroup;
			children = (
				A9F5A67E28080BD300D04550 /* Preview Assets.xcassets */,
			);
			path = "Preview Content";
			sourceTree = "<group>";
		};
		A9F5A6932808135C00D04550 /* Model */ = {
			isa = PBXGroup;
			children = (
				A9C2839C28083F3C00329FAC /* Stash.xcdatamodeld */,
				A9F5A68F28080F3F00D04550 /* Landmark.swift */,
				A9F5A6912808134700D04550 /* ModelData.swift */,
				A9C28356280821B100329FAC /* Hike.swift */,
				A9C283882808341E00329FAC /* Profile.swift */,
			);
			path = Model;
			sourceTree = "<group>";
		};
		A9F5A6942808136A00D04550 /* Views */ = {
			isa = PBXGroup;
			children = (
				A9F5A67928080BCF00D04550 /* ContentView.swift */,
				A9F5A69E280817CE00D04550 /* Landmarks */,
				A909692E28082008002734E5 /* Badges */,
				A9F5A69F280817E800D04550 /* Helpers */,
				A9C28387280833C600329FAC /* Categories */,
				A9C283582808224F00329FAC /* Hikes */,
				A9C2838A2808344500329FAC /* Profile */,
				A9C2839928083CAA00329FAC /* PageView */,
				A9C283A62808693500329FAC /* Tests */,
			);
			path = Views;
			sourceTree = "<group>";
		};
		A9F5A6952808137C00D04550 /* Resources */ = {
			isa = PBXGroup;
			children = (
				A9F5A68D28080F1600D04550 /* landmarkData.json */,
				A9C283542808218000329FAC /* hikeData.json */,
				A9C2839F28083FE900329FAC /* Persistence.swift */,
			);
			path = Resources;
			sourceTree = "<group>";
		};
		A9F5A69E280817CE00D04550 /* Landmarks */ = {
			isa = PBXGroup;
			children = (
				A9F5A698280813E800D04550 /* LandmarkList.swift */,
				A9F5A696280813B400D04550 /* LandmarkRow.swift */,
				A9F5A69A2808143900D04550 /* LandmarkDetail.swift */,
			);
			path = Landmarks;
			sourceTree = "<group>";
		};
		A9F5A69F280817E800D04550 /* Helpers */ = {
			isa = PBXGroup;
			children = (
				A9F5A68928080E2500D04550 /* CircleImage.swift */,
				A9F5A68A28080E2500D04550 /* MapView.swift */,
				A9F5A69C2808179800D04550 /* FavoriteButton.swift */,
			);
			path = Helpers;
			sourceTree = "<group>";
		};
/* End PBXGroup section */

/* Begin PBXNativeTarget section */
		A9F5A67328080BCF00D04550 /* SwiftUI Essentials */ = {
			isa = PBXNativeTarget;
			buildConfigurationList = A9F5A68228080BD300D04550 /* Build configuration list for PBXNativeTarget "SwiftUI Essentials" */;
			buildPhases = (
				A9F5A67028080BCF00D04550 /* Sources */,
				A9F5A67128080BCF00D04550 /* Frameworks */,
				A9F5A67228080BCF00D04550 /* Resources */,
			);
			buildRules = (
			);
			dependencies = (
			);
			name = "SwiftUI Essentials";
			productName = "SwiftUI Essentials";
			productReference = A9F5A67428080BCF00D04550 /* SwiftUI Essentials.app */;
			productType = "com.apple.product-type.application";
		};
/* End PBXNativeTarget section */

/* Begin PBXProject section */
		A9F5A66C28080BCF00D04550 /* Project object */ = {
			isa = PBXProject;
			attributes = {
				BuildIndependentTargetsInParallel = 1;
				LastSwiftUpdateCheck = 1320;
				LastUpgradeCheck = 1320;
				TargetAttributes = {
					A9F5A67328080BCF00D04550 = {
						CreatedOnToolsVersion = 13.2.1;
					};
				};
			};
			buildConfigurationList = A9F5A66F28080BCF00D04550 /* Build configuration list for PBXProject "SwiftUI Essentials" */;
			compatibilityVersion = "Xcode 13.0";
			developmentRegion = en;
			hasScannedForEncodings = 0;
			knownRegions = (
				en,
				Base,
			);
			mainGroup = A9F5A66B28080BCF00D04550;
			productRefGroup = A9F5A67528080BCF00D04550 /* Products */;
			projectDirPath = "";
			projectRoot = "";
			targets = (
				A9F5A67328080BCF00D04550 /* SwiftUI Essentials */,
			);
		};
/* End PBXProject section */

/* Begin PBXResourcesBuildPhase section */
		A9F5A67228080BCF00D04550 /* Resources */ = {
			isa = PBXResourcesBuildPhase;
			buildActionMask = 2147483647;
			files = (
				A9C283552808218300329FAC /* hikeData.json in Resources */,
				A9F5A67F28080BD300D04550 /* Preview Assets.xcassets in Resources */,
				A9F5A67C28080BD300D04550 /* Assets.xcassets in Resources */,
				A9F5A68E28080F1600D04550 /* landmarkData.json in Resources */,
			);
			runOnlyForDeploymentPostprocessing = 0;
		};
/* End PBXResourcesBuildPhase section */

/* Begin PBXSourcesBuildPhase section */
		A9F5A67028080BCF00D04550 /* Sources */ = {
			isa = PBXSourcesBuildPhase;
			buildActionMask = 2147483647;
			files = (
				A92C6A342809614B00A2EE18 /* TestLoadView.swift in Sources */,
				A9C283A82808695500329FAC /* Tests.swift in Sources */,
				A9C283842808305200329FAC /* CategoryRow.swift in Sources */,
				A9C283892808341E00329FAC /* Profile.swift in Sources */,
				A9C283532808209800329FAC /* HexagonParameters.swift in Sources */,
				A92C6A36280971DA00A2EE18 /* AsyncImage.swift in Sources */,
				A9C2838228082F8A00329FAC /* CategoryHome.swift in Sources */,
				A9C2839628083B7800329FAC /* FeatureCard.swift in Sources */,
				A9C2835E2808224F00329FAC /* HikeGraph.swift in Sources */,
				A9F5A67A28080BCF00D04550 /* ContentView.swift in Sources */,
				A9F5A68C28080E2500D04550 /* CircleImage.swift in Sources */,
				A92C6A322809543900A2EE18 /* TestAddTask.swift in Sources */,
				A92C6A38280971DF00A2EE18 /* ImageCache.swift in Sources */,
				A9C2835D2808224F00329FAC /* GraphCapsule.swift in Sources */,
				A9C2839E28083F3C00329FAC /* Stash.xcdatamodeld in Sources */,
				A9C2834F2808209200329FAC /* Badge.swift in Sources */,
				A9C2839B28083D0500329FAC /* PageControl.swift in Sources */,
				A9F5A68B28080E2500D04550 /* MapView.swift in Sources */,
				A9C28386280830A200329FAC /* CategoryItem.swift in Sources */,
				A92C6A3F2809723800A2EE18 /* TestLoadViewOld.swift in Sources */,
				A9C2835F2808224F00329FAC /* HikeDetail.swift in Sources */,
				A92C6A3C280971E800A2EE18 /* EnvironmentValues+ImageCache.swift in Sources */,
				A9C2838E2808349E00329FAC /* ProfileSummary.swift in Sources */,
				A9F5A69D2808179800D04550 /* FavoriteButton.swift in Sources */,
				A9C2838C2808345900329FAC /* ProfileHost.swift in Sources */,
				A9C28357280821B100329FAC /* Hike.swift in Sources */,
				A9C283A028083FE900329FAC /* Persistence.swift in Sources */,
				A9C283522808209800329FAC /* RotatedBadgeSymbol.swift in Sources */,
				A9C2839828083BBA00329FAC /* PageView.swift in Sources */,
				A9C283A2280863A600329FAC /* BlurView.swift in Sources */,
				A92C6A3A280971E400A2EE18 /* ImageLoader.swift in Sources */,
				A9C283512808209800329FAC /* BadgeSymbol.swift in Sources */,
				A9C28392280837BD00329FAC /* ProfileEditor.swift in Sources */,
				A9F5A699280813E800D04550 /* LandmarkList.swift in Sources */,
				A9C283602808224F00329FAC /* HikeView.swift in Sources */,
				A9F5A69B2808143900D04550 /* LandmarkDetail.swift in Sources */,
				A9C2839428083AEA00329FAC /* PageViewController.swift in Sources */,
				A9C283502808209500329FAC /* BadgeBackground.swift in Sources */,
				A9C283902808355000329FAC /* HikeBadge.swift in Sources */,
				A9F5A67828080BCF00D04550 /* SwiftUI_EssentialsApp.swift in Sources */,
				A9F5A69028080F3F00D04550 /* Landmark.swift in Sources */,
				A9C283A5280864B500329FAC /* HUDProgressView.swift in Sources */,
				A9C283AA28086EBE00329FAC /* AlertControllerView.swift in Sources */,
				A9F5A697280813B400D04550 /* LandmarkRow.swift in Sources */,
				A9F5A6922808134700D04550 /* ModelData.swift in Sources */,
			);
			runOnlyForDeploymentPostprocessing = 0;
		};
/* End PBXSourcesBuildPhase section */

/* Begin XCBuildConfiguration section */
		A9F5A68028080BD300D04550 /* Debug */ = {
			isa = XCBuildConfiguration;
			buildSettings = {
				ALWAYS_SEARCH_USER_PATHS = NO;
				CLANG_ANALYZER_NONNULL = YES;
				CLANG_ANALYZER_NUMBER_OBJECT_CONVERSION = YES_AGGRESSIVE;
				CLANG_CXX_LANGUAGE_STANDARD = "gnu++17";
				CLANG_CXX_LIBRARY = "libc++";
				CLANG_ENABLE_MODULES = YES;
				CLANG_ENABLE_OBJC_ARC = YES;
				CLANG_ENABLE_OBJC_WEAK = YES;
				CLANG_WARN_BLOCK_CAPTURE_AUTORELEASING = YES;
				CLANG_WARN_BOOL_CONVERSION = YES;
				CLANG_WARN_COMMA = YES;
				CLANG_WARN_CONSTANT_CONVERSION = YES;
				CLANG_WARN_DEPRECATED_OBJC_IMPLEMENTATIONS = YES;
				CLANG_WARN_DIRECT_OBJC_ISA_USAGE = YES_ERROR;
				CLANG_WARN_DOCUMENTATION_COMMENTS = YES;
				CLANG_WARN_EMPTY_BODY = YES;
				CLANG_WARN_ENUM_CONVERSION = YES;
				CLANG_WARN_INFINITE_RECURSION = YES;
				CLANG_WARN_INT_CONVERSION = YES;
				CLANG_WARN_NON_LITERAL_NULL_CONVERSION = YES;
				CLANG_WARN_OBJC_IMPLICIT_RETAIN_SELF = YES;
				CLANG_WARN_OBJC_LITERAL_CONVERSION = YES;
				CLANG_WARN_OBJC_ROOT_CLASS = YES_ERROR;
				CLANG_WARN_QUOTED_INCLUDE_IN_FRAMEWORK_HEADER = YES;
				CLANG_WARN_RANGE_LOOP_ANALYSIS = YES;
				CLANG_WARN_STRICT_PROTOTYPES = YES;
				CLANG_WARN_SUSPICIOUS_MOVE = YES;
				CLANG_WARN_UNGUARDED_AVAILABILITY = YES_AGGRESSIVE;
				CLANG_WARN_UNREACHABLE_CODE = YES;
				CLANG_WARN__DUPLICATE_METHOD_MATCH = YES;
				COPY_PHASE_STRIP = NO;
				DEBUG_INFORMATION_FORMAT = dwarf;
				ENABLE_STRICT_OBJC_MSGSEND = YES;
				ENABLE_TESTABILITY = YES;
				GCC_C_LANGUAGE_STANDARD = gnu11;
				GCC_DYNAMIC_NO_PIC = NO;
				GCC_NO_COMMON_BLOCKS = YES;
				GCC_OPTIMIZATION_LEVEL = 0;
				GCC_PREPROCESSOR_DEFINITIONS = (
					"DEBUG=1",
					"$(inherited)",
				);
				GCC_WARN_64_TO_32_BIT_CONVERSION = YES;
				GCC_WARN_ABOUT_RETURN_TYPE = YES_ERROR;
				GCC_WARN_UNDECLARED_SELECTOR = YES;
				GCC_WARN_UNINITIALIZED_AUTOS = YES_AGGRESSIVE;
				GCC_WARN_UNUSED_FUNCTION = YES;
				GCC_WARN_UNUSED_VARIABLE = YES;
				IPHONEOS_DEPLOYMENT_TARGET = 15.2;
				MTL_ENABLE_DEBUG_INFO = INCLUDE_SOURCE;
				MTL_FAST_MATH = YES;
				ONLY_ACTIVE_ARCH = YES;
				SDKROOT = iphoneos;
				SWIFT_ACTIVE_COMPILATION_CONDITIONS = DEBUG;
				SWIFT_OPTIMIZATION_LEVEL = "-Onone";
			};
			name = Debug;
		};
		A9F5A68128080BD300D04550 /* Release */ = {
			isa = XCBuildConfiguration;
			buildSettings = {
				ALWAYS_SEARCH_USER_PATHS = NO;
				CLANG_ANALYZER_NONNULL = YES;
				CLANG_ANALYZER_NUMBER_OBJECT_CONVERSION = YES_AGGRESSIVE;
				CLANG_CXX_LANGUAGE_STANDARD = "gnu++17";
				CLANG_CXX_LIBRARY = "libc++";
				CLANG_ENABLE_MODULES = YES;
				CLANG_ENABLE_OBJC_ARC = YES;
				CLANG_ENABLE_OBJC_WEAK = YES;
				CLANG_WARN_BLOCK_CAPTURE_AUTORELEASING = YES;
				CLANG_WARN_BOOL_CONVERSION = YES;
				CLANG_WARN_COMMA = YES;
				CLANG_WARN_CONSTANT_CONVERSION = YES;
				CLANG_WARN_DEPRECATED_OBJC_IMPLEMENTATIONS = YES;
				CLANG_WARN_DIRECT_OBJC_ISA_USAGE = YES_ERROR;
				CLANG_WARN_DOCUMENTATION_COMMENTS = YES;
				CLANG_WARN_EMPTY_BODY = YES;
				CLANG_WARN_ENUM_CONVERSION = YES;
				CLANG_WARN_INFINITE_RECURSION = YES;
				CLANG_WARN_INT_CONVERSION = YES;
				CLANG_WARN_NON_LITERAL_NULL_CONVERSION = YES;
				CLANG_WARN_OBJC_IMPLICIT_RETAIN_SELF = YES;
				CLANG_WARN_OBJC_LITERAL_CONVERSION = YES;
				CLANG_WARN_OBJC_ROOT_CLASS = YES_ERROR;
				CLANG_WARN_QUOTED_INCLUDE_IN_FRAMEWORK_HEADER = YES;
				CLANG_WARN_RANGE_LOOP_ANALYSIS = YES;
				CLANG_WARN_STRICT_PROTOTYPES = YES;
				CLANG_WARN_SUSPICIOUS_MOVE = YES;
				CLANG_WARN_UNGUARDED_AVAILABILITY = YES_AGGRESSIVE;
				CLANG_WARN_UNREACHABLE_CODE = YES;
				CLANG_WARN__DUPLICATE_METHOD_MATCH = YES;
				COPY_PHASE_STRIP = NO;
				DEBUG_INFORMATION_FORMAT = "dwarf-with-dsym";
				ENABLE_NS_ASSERTIONS = NO;
				ENABLE_STRICT_OBJC_MSGSEND = YES;
				GCC_C_LANGUAGE_STANDARD = gnu11;
				GCC_NO_COMMON_BLOCKS = YES;
				GCC_WARN_64_TO_32_BIT_CONVERSION = YES;
				GCC_WARN_ABOUT_RETURN_TYPE = YES_ERROR;
				GCC_WARN_UNDECLARED_SELECTOR = YES;
				GCC_WARN_UNINITIALIZED_AUTOS = YES_AGGRESSIVE;
				GCC_WARN_UNUSED_FUNCTION = YES;
				GCC_WARN_UNUSED_VARIABLE = YES;
				IPHONEOS_DEPLOYMENT_TARGET = 15.2;
				MTL_ENABLE_DEBUG_INFO = NO;
				MTL_FAST_MATH = YES;
				SDKROOT = iphoneos;
				SWIFT_COMPILATION_MODE = wholemodule;
				SWIFT_OPTIMIZATION_LEVEL = "-O";
				VALIDATE_PRODUCT = YES;
			};
			name = Release;
		};
		A9F5A68328080BD300D04550 /* Debug */ = {
			isa = XCBuildConfiguration;
			buildSettings = {
				ASSETCATALOG_COMPILER_APPICON_NAME = AppIcon;
				ASSETCATALOG_COMPILER_GLOBAL_ACCENT_COLOR_NAME = AccentColor;
				CODE_SIGN_STYLE = Automatic;
				CURRENT_PROJECT_VERSION = 1;
				DEVELOPMENT_ASSET_PATHS = "\"SwiftUI Essentials/Preview Content\"";
				DEVELOPMENT_TEAM = 26V6BQBWSY;
				ENABLE_PREVIEWS = YES;
				GENERATE_INFOPLIST_FILE = YES;
				INFOPLIST_KEY_UIApplicationSceneManifest_Generation = YES;
				INFOPLIST_KEY_UIApplicationSupportsIndirectInputEvents = YES;
				INFOPLIST_KEY_UILaunchScreen_Generation = YES;
				INFOPLIST_KEY_UISupportedInterfaceOrientations_iPad = "UIInterfaceOrientationPortrait UIInterfaceOrientationPortraitUpsideDown UIInterfaceOrientationLandscapeLeft UIInterfaceOrientationLandscapeRight";
				INFOPLIST_KEY_UISupportedInterfaceOrientations_iPhone = "UIInterfaceOrientationPortrait UIInterfaceOrientationLandscapeLeft UIInterfaceOrientationLandscapeRight";
				LD_RUNPATH_SEARCH_PATHS = (
					"$(inherited)",
					"@executable_path/Frameworks",
				);
				MARKETING_VERSION = 1.0;
				PRODUCT_BUNDLE_IDENTIFIER = "com.SwiftUI-Essentials";
				PRODUCT_NAME = "$(TARGET_NAME)";
				SWIFT_EMIT_LOC_STRINGS = YES;
				SWIFT_VERSION = 5.0;
				TARGETED_DEVICE_FAMILY = "1,2";
			};
			name = Debug;
		};
		A9F5A68428080BD300D04550 /* Release */ = {
			isa = XCBuildConfiguration;
			buildSettings = {
				ASSETCATALOG_COMPILER_APPICON_NAME = AppIcon;
				ASSETCATALOG_COMPILER_GLOBAL_ACCENT_COLOR_NAME = AccentColor;
				CODE_SIGN_STYLE = Automatic;
				CURRENT_PROJECT_VERSION = 1;
				DEVELOPMENT_ASSET_PATHS = "\"SwiftUI Essentials/Preview Content\"";
				DEVELOPMENT_TEAM = 26V6BQBWSY;
				ENABLE_PREVIEWS = YES;
				GENERATE_INFOPLIST_FILE = YES;
				INFOPLIST_KEY_UIApplicationSceneManifest_Generation = YES;
				INFOPLIST_KEY_UIApplicationSupportsIndirectInputEvents = YES;
				INFOPLIST_KEY_UILaunchScreen_Generation = YES;
				INFOPLIST_KEY_UISupportedInterfaceOrientations_iPad = "UIInterfaceOrientationPortrait UIInterfaceOrientationPortraitUpsideDown UIInterfaceOrientationLandscapeLeft UIInterfaceOrientationLandscapeRight";
				INFOPLIST_KEY_UISupportedInterfaceOrientations_iPhone = "UIInterfaceOrientationPortrait UIInterfaceOrientationLandscapeLeft UIInterfaceOrientationLandscapeRight";
				LD_RUNPATH_SEARCH_PATHS = (
					"$(inherited)",
					"@executable_path/Frameworks",
				);
				MARKETING_VERSION = 1.0;
				PRODUCT_BUNDLE_IDENTIFIER = "com.SwiftUI-Essentials";
				PRODUCT_NAME = "$(TARGET_NAME)";
				SWIFT_EMIT_LOC_STRINGS = YES;
				SWIFT_VERSION = 5.0;
				TARGETED_DEVICE_FAMILY = "1,2";
			};
			name = Release;
		};
/* End XCBuildConfiguration section */

/* Begin XCConfigurationList section */
		A9F5A66F28080BCF00D04550 /* Build configuration list for PBXProject "SwiftUI Essentials" */ = {
			isa = XCConfigurationList;
			buildConfigurations = (
				A9F5A68028080BD300D04550 /* Debug */,
				A9F5A68128080BD300D04550 /* Release */,
			);
			defaultConfigurationIsVisible = 0;
			defaultConfigurationName = Release;
		};
		A9F5A68228080BD300D04550 /* Build configuration list for PBXNativeTarget "SwiftUI Essentials" */ = {
			isa = XCConfigurationList;
			buildConfigurations = (
				A9F5A68328080BD300D04550 /* Debug */,
				A9F5A68428080BD300D04550 /* Release */,
			);
			defaultConfigurationIsVisible = 0;
			defaultConfigurationName = Release;
		};
/* End XCConfigurationList section */

/* Begin XCVersionGroup section */
		A9C2839C28083F3C00329FAC /* Stash.xcdatamodeld */ = {
			isa = XCVersionGroup;
			children = (
				A9C2839D28083F3C00329FAC /* Stash.xcdatamodel */,
			);
			currentVersion = A9C2839D28083F3C00329FAC /* Stash.xcdatamodel */;
			path = Stash.xcdatamodeld;
			sourceTree = "<group>";
			versionGroupType = wrapper.xcdatamodel;
		};
/* End XCVersionGroup section */
	};
	rootObject = A9F5A66C28080BCF00D04550 /* Project object */;
}
