// !$*UTF8*$!
{
	archiveVersion = 1;
	classes = {
	};
	objectVersion = 55;
	objects = {

/* Begin PBXBuildFile section */
		A9C2834F2808209200329FAC /* Badge.swift in Sources */ = {isa = PBXBuildFile; fileRef = A909693028082033002734E5 /* Badge.swift */; };
		A9C283502808209500329FAC /* BadgeBackground.swift in Sources */ = {isa = PBXBuildFile; fileRef = A909692F28082033002734E5 /* BadgeBackground.swift */; };
		A9C283512808209800329FAC /* BadgeSymbol.swift in Sources */ = {isa = PBXBuildFile; fileRef = A909693228082033002734E5 /* BadgeSymbol.swift */; };
		A9C283522808209800329FAC /* RotatedBadgeSymbol.swift in Sources */ = {isa = PBXBuildFile; fileRef = A909693328082033002734E5 /* RotatedBadgeSymbol.swift */; };
		A9C283532808209800329FAC /* HexagonParameters.swift in Sources */ = {isa = PBXBuildFile; fileRef = A909693128082033002734E5 /* HexagonParameters.swift */; };
		A9F5A67828080BCF00D04550 /* SwiftUI_EssentialsApp.swift in Sources */ = {isa = PBXBuildFile; fileRef = A9F5A67728080BCF00D04550 /* SwiftUI_EssentialsApp.swift */; };
		A9F5A67A28080BCF00D04550 /* ContentView.swift in Sources */ = {isa = PBXBuildFile; fileRef = A9F5A67928080BCF00D04550 /* ContentView.swift */; };
		A9F5A67C28080BD300D04550 /* Assets.xcassets in Resources */ = {isa = PBXBuildFile; fileRef = A9F5A67B28080BD300D04550 /* Assets.xcassets */; };
		A9F5A67F28080BD300D04550 /* Preview Assets.xcassets in Resources */ = {isa = PBXBuildFile; fileRef = A9F5A67E28080BD300D04550 /* Preview Assets.xcassets */; };
		A9F5A68B28080E2500D04550 /* MapView.swift in Sources */ = {isa = PBXBuildFile; fileRef = A9F5A68A28080E2500D04550 /* MapView.swift */; };
		A9F5A68C28080E2500D04550 /* CircleImage.swift in Sources */ = {isa = PBXBuildFile; fileRef = A9F5A68928080E2500D04550 /* CircleImage.swift */; };
		A9F5A68E28080F1600D04550 /* landmarkData.json in Resources */ = {isa = PBXBuildFile; fileRef = A9F5A68D28080F1600D04550 /* landmarkData.json */; };
		A9F5A69028080F3F00D04550 /* Landmark.swift in Sources */ = {isa = PBXBuildFile; fileRef = A9F5A68F28080F3F00D04550 /* Landmark.swift */; };
		A9F5A6922808134700D04550 /* ModelData.swift in Sources */ = {isa = PBXBuildFile; fileRef = A9F5A6912808134700D04550 /* ModelData.swift */; };
		A9F5A697280813B400D04550 /* LandmarkRow.swift in Sources */ = {isa = PBXBuildFile; fileRef = A9F5A696280813B400D04550 /* LandmarkRow.swift */; };
		A9F5A699280813E800D04550 /* LandmarkList.swift in Sources */ = {isa = PBXBuildFile; fileRef = A9F5A698280813E800D04550 /* LandmarkList.swift */; };
		A9F5A69B2808143900D04550 /* LandmarkDetail.swift in Sources */ = {isa = PBXBuildFile; fileRef = A9F5A69A2808143900D04550 /* LandmarkDetail.swift */; };
		A9F5A69D2808179800D04550 /* FavoriteButton.swift in Sources */ = {isa = PBXBuildFile; fileRef = A9F5A69C2808179800D04550 /* FavoriteButton.swift */; };
/* End PBXBuildFile section */

/* Begin PBXFileReference section */
		A909692F28082033002734E5 /* BadgeBackground.swift */ = {isa = PBXFileReference; lastKnownFileType = sourcecode.swift; path = BadgeBackground.swift; sourceTree = "<group>"; };
		A909693028082033002734E5 /* Badge.swift */ = {isa = PBXFileReference; lastKnownFileType = sourcecode.swift; path = Badge.swift; sourceTree = "<group>"; };
		A909693128082033002734E5 /* HexagonParameters.swift */ = {isa = PBXFileReference; lastKnownFileType = sourcecode.swift; path = HexagonParameters.swift; sourceTree = "<group>"; };
		A909693228082033002734E5 /* BadgeSymbol.swift */ = {isa = PBXFileReference; lastKnownFileType = sourcecode.swift; path = BadgeSymbol.swift; sourceTree = "<group>"; };
		A909693328082033002734E5 /* RotatedBadgeSymbol.swift */ = {isa = PBXFileReference; lastKnownFileType = sourcecode.swift; path = RotatedBadgeSymbol.swift; sourceTree = "<group>"; };
		A9F5A67428080BCF00D04550 /* SwiftUI Essentials.app */ = {isa = PBXFileReference; explicitFileType = wrapper.application; includeInIndex = 0; path = "SwiftUI Essentials.app"; sourceTree = BUILT_PRODUCTS_DIR; };
		A9F5A67728080BCF00D04550 /* SwiftUI_EssentialsApp.swift */ = {isa = PBXFileReference; lastKnownFileType = sourcecode.swift; path = SwiftUI_EssentialsApp.swift; sourceTree = "<group>"; };
		A9F5A67928080BCF00D04550 /* ContentView.swift */ = {isa = PBXFileReference; lastKnownFileType = sourcecode.swift; path = ContentView.swift; sourceTree = "<group>"; };
		A9F5A67B28080BD300D04550 /* Assets.xcassets */ = {isa = PBXFileReference; lastKnownFileType = folder.assetcatalog; path = Assets.xcassets; sourceTree = "<group>"; };
		A9F5A67E28080BD300D04550 /* Preview Assets.xcassets */ = {isa = PBXFileReference; lastKnownFileType = folder.assetcatalog; path = "Preview Assets.xcassets"; sourceTree = "<group>"; };
		A9F5A68928080E2500D04550 /* CircleImage.swift */ = {isa = PBXFileReference; lastKnownFileType = sourcecode.swift; path = CircleImage.swift; sourceTree = "<group>"; };
		A9F5A68A28080E2500D04550 /* MapView.swift */ = {isa = PBXFileReference; lastKnownFileType = sourcecode.swift; path = MapView.swift; sourceTree = "<group>"; };
		A9F5A68D28080F1600D04550 /* landmarkData.json */ = {isa = PBXFileReference; fileEncoding = 4; lastKnownFileType = text.json; path = landmarkData.json; sourceTree = "<group>"; };
		A9F5A68F28080F3F00D04550 /* Landmark.swift */ = {isa = PBXFileReference; lastKnownFileType = sourcecode.swift; path = Landmark.swift; sourceTree = "<group>"; };
		A9F5A6912808134700D04550 /* ModelData.swift */ = {isa = PBXFileReference; lastKnownFileType = sourcecode.swift; path = ModelData.swift; sourceTree = "<group>"; };
		A9F5A696280813B400D04550 /* LandmarkRow.swift */ = {isa = PBXFileReference; lastKnownFileType = sourcecode.swift; path = LandmarkRow.swift; sourceTree = "<group>"; };
		A9F5A698280813E800D04550 /* LandmarkList.swift */ = {isa = PBXFileReference; lastKnownFileType = sourcecode.swift; path = LandmarkList.swift; sourceTree = "<group>"; };
		A9F5A69A2808143900D04550 /* LandmarkDetail.swift */ = {isa = PBXFileReference; lastKnownFileType = sourcecode.swift; path = LandmarkDetail.swift; sourceTree = "<group>"; };
		A9F5A69C2808179800D04550 /* FavoriteButton.swift */ = {isa = PBXFileReference; lastKnownFileType = sourcecode.swift; path = FavoriteButton.swift; sourceTree = "<group>"; };
/* End PBXFileReference section */

/* Begin PBXFrameworksBuildPhase section */
		A9F5A67128080BCF00D04550 /* Frameworks */ = {
			isa = PBXFrameworksBuildPhase;
			buildActionMask = 2147483647;
			files = (
			);
			runOnlyForDeploymentPostprocessing = 0;
		};
/* End PBXFrameworksBuildPhase section */

/* Begin PBXGroup section */
		A909692E28082008002734E5 /* Badges */ = {
			isa = PBXGroup;
			children = (
				A909693028082033002734E5 /* Badge.swift */,
				A909692F28082033002734E5 /* BadgeBackground.swift */,
				A909693228082033002734E5 /* BadgeSymbol.swift */,
				A909693328082033002734E5 /* RotatedBadgeSymbol.swift */,
				A909693128082033002734E5 /* HexagonParameters.swift */,
			);
			path = Badges;
			sourceTree = "<group>";
		};
		A9F5A66B28080BCF00D04550 = {
			isa = PBXGroup;
			children = (
				A9F5A67628080BCF00D04550 /* SwiftUI Essentials */,
				A9F5A67528080BCF00D04550 /* Products */,
			);
			sourceTree = "<group>";
		};
		A9F5A67528080BCF00D04550 /* Products */ = {
			isa = PBXGroup;
			children = (
				A9F5A67428080BCF00D04550 /* SwiftUI Essentials.app */,
			);
			name = Products;
			sourceTree = "<group>";
		};
		A9F5A67628080BCF00D04550 /* SwiftUI Essentials */ = {
			isa = PBXGroup;
			children = (
				A9F5A67728080BCF00D04550 /* SwiftUI_EssentialsApp.swift */,
				A9F5A6942808136A00D04550 /* Views */,
				A9F5A6952808137C00D04550 /* Resources */,
				A9F5A6932808135C00D04550 /* Model */,
				A9F5A67B28080BD300D04550 /* Assets.xcassets */,
				A9F5A67D28080BD300D04550 /* Preview Content */,
			);
			path = "SwiftUI Essentials";
			sourceTree = "<group>";
		};
		A9F5A67D28080BD300D04550 /* Preview Content */ = {
			isa = PBXGroup;
			children = (
				A9F5A67E28080BD300D04550 /* Preview Assets.xcassets */,
			);
			path = "Preview Content";
			sourceTree = "<group>";
		};
		A9F5A6932808135C00D04550 /* Model */ = {
			isa = PBXGroup;
			children = (
				A9F5A68F28080F3F00D04550 /* Landmark.swift */,
				A9F5A6912808134700D04550 /* ModelData.swift */,
			);
			path = Model;
			sourceTree = "<group>";
		};
		A9F5A6942808136A00D04550 /* Views */ = {
			isa = PBXGroup;
			children = (
				A9F5A67928080BCF00D04550 /* ContentView.swift */,
				A9F5A69E280817CE00D04550 /* Landmarks */,
				A909692E28082008002734E5 /* Badges */,
				A9F5A69F280817E800D04550 /* Helpers */,
			);
			path = Views;
			sourceTree = "<group>";
		};
		A9F5A6952808137C00D04550 /* Resources */ = {
			isa = PBXGroup;
			children = (
				A9F5A68D28080F1600D04550 /* landmarkData.json */,
			);
			path = Resources;
			sourceTree = "<group>";
		};
		A9F5A69E280817CE00D04550 /* Landmarks */ = {
			isa = PBXGroup;
			children = (
				A9F5A696280813B400D04550 /* LandmarkRow.swift */,
				A9F5A698280813E800D04550 /* LandmarkList.swift */,
				A9F5A69A2808143900D04550 /* LandmarkDetail.swift */,
			);
			path = Landmarks;
			sourceTree = "<group>";
		};
		A9F5A69F280817E800D04550 /* Helpers */ = {
			isa = PBXGroup;
			children = (
				A9F5A68928080E2500D04550 /* CircleImage.swift */,
				A9F5A68A28080E2500D04550 /* MapView.swift */,
				A9F5A69C2808179800D04550 /* FavoriteButton.swift */,
			);
			path = Helpers;
			sourceTree = "<group>";
		};
/* End PBXGroup section */

/* Begin PBXNativeTarget section */
		A9F5A67328080BCF00D04550 /* SwiftUI Essentials */ = {
			isa = PBXNativeTarget;
			buildConfigurationList = A9F5A68228080BD300D04550 /* Build configuration list for PBXNativeTarget "SwiftUI Essentials" */;
			buildPhases = (
				A9F5A67028080BCF00D04550 /* Sources */,
				A9F5A67128080BCF00D04550 /* Frameworks */,
				A9F5A67228080BCF00D04550 /* Resources */,
			);
			buildRules = (
			);
			dependencies = (
			);
			name = "SwiftUI Essentials";
			productName = "SwiftUI Essentials";
			productReference = A9F5A67428080BCF00D04550 /* SwiftUI Essentials.app */;
			productType = "com.apple.product-type.application";
		};
/* End PBXNativeTarget section */

/* Begin PBXProject section */
		A9F5A66C28080BCF00D04550 /* Project object */ = {
			isa = PBXProject;
			attributes = {
				BuildIndependentTargetsInParallel = 1;
				LastSwiftUpdateCheck = 1320;
				LastUpgradeCheck = 1320;
				TargetAttributes = {
					A9F5A67328080BCF00D04550 = {
						CreatedOnToolsVersion = 13.2.1;
					};
				};
			};
			buildConfigurationList = A9F5A66F28080BCF00D04550 /* Build configuration list for PBXProject "SwiftUI Essentials" */;
			compatibilityVersion = "Xcode 13.0";
			developmentRegion = en;
			hasScannedForEncodings = 0;
			knownRegions = (
				en,
				Base,
			);
			mainGroup = A9F5A66B28080BCF00D04550;
			productRefGroup = A9F5A67528080BCF00D04550 /* Products */;
			projectDirPath = "";
			projectRoot = "";
			targets = (
				A9F5A67328080BCF00D04550 /* SwiftUI Essentials */,
			);
		};
/* End PBXProject section */

/* Begin PBXResourcesBuildPhase section */
		A9F5A67228080BCF00D04550 /* Resources */ = {
			isa = PBXResourcesBuildPhase;
			buildActionMask = 2147483647;
			files = (
				A9F5A67F28080BD300D04550 /* Preview Assets.xcassets in Resources */,
				A9F5A67C28080BD300D04550 /* Assets.xcassets in Resources */,
				A9F5A68E28080F1600D04550 /* landmarkData.json in Resources */,
			);
			runOnlyForDeploymentPostprocessing = 0;
		};
/* End PBXResourcesBuildPhase section */

/* Begin PBXSourcesBuildPhase section */
		A9F5A67028080BCF00D04550 /* Sources */ = {
			isa = PBXSourcesBuildPhase;
			buildActionMask = 2147483647;
			files = (
				A9C283532808209800329FAC /* HexagonParameters.swift in Sources */,
				A9F5A67A28080BCF00D04550 /* ContentView.swift in Sources */,
				A9F5A68C28080E2500D04550 /* CircleImage.swift in Sources */,
				A9C2834F2808209200329FAC /* Badge.swift in Sources */,
				A9F5A68B28080E2500D04550 /* MapView.swift in Sources */,
				A9F5A69D2808179800D04550 /* FavoriteButton.swift in Sources */,
				A9C283522808209800329FAC /* RotatedBadgeSymbol.swift in Sources */,
				A9C283512808209800329FAC /* BadgeSymbol.swift in Sources */,
				A9F5A699280813E800D04550 /* LandmarkList.swift in Sources */,
				A9F5A69B2808143900D04550 /* LandmarkDetail.swift in Sources */,
				A9C283502808209500329FAC /* BadgeBackground.swift in Sources */,
				A9F5A67828080BCF00D04550 /* SwiftUI_EssentialsApp.swift in Sources */,
				A9F5A69028080F3F00D04550 /* Landmark.swift in Sources */,
				A9F5A697280813B400D04550 /* LandmarkRow.swift in Sources */,
				A9F5A6922808134700D04550 /* ModelData.swift in Sources */,
			);
			runOnlyForDeploymentPostprocessing = 0;
		};
/* End PBXSourcesBuildPhase section */

/* Begin XCBuildConfiguration section */
		A9F5A68028080BD300D04550 /* Debug */ = {
			isa = XCBuildConfiguration;
			buildSettings = {
				ALWAYS_SEARCH_USER_PATHS = NO;
				CLANG_ANALYZER_NONNULL = YES;
				CLANG_ANALYZER_NUMBER_OBJECT_CONVERSION = YES_AGGRESSIVE;
				CLANG_CXX_LANGUAGE_STANDARD = "gnu++17";
				CLANG_CXX_LIBRARY = "libc++";
				CLANG_ENABLE_MODULES = YES;
				CLANG_ENABLE_OBJC_ARC = YES;
				CLANG_ENABLE_OBJC_WEAK = YES;
				CLANG_WARN_BLOCK_CAPTURE_AUTORELEASING = YES;
				CLANG_WARN_BOOL_CONVERSION = YES;
				CLANG_WARN_COMMA = YES;
				CLANG_WARN_CONSTANT_CONVERSION = YES;
				CLANG_WARN_DEPRECATED_OBJC_IMPLEMENTATIONS = YES;
				CLANG_WARN_DIRECT_OBJC_ISA_USAGE = YES_ERROR;
				CLANG_WARN_DOCUMENTATION_COMMENTS = YES;
				CLANG_WARN_EMPTY_BODY = YES;
				CLANG_WARN_ENUM_CONVERSION = YES;
				CLANG_WARN_INFINITE_RECURSION = YES;
				CLANG_WARN_INT_CONVERSION = YES;
				CLANG_WARN_NON_LITERAL_NULL_CONVERSION = YES;
				CLANG_WARN_OBJC_IMPLICIT_RETAIN_SELF = YES;
				CLANG_WARN_OBJC_LITERAL_CONVERSION = YES;
				CLANG_WARN_OBJC_ROOT_CLASS = YES_ERROR;
				CLANG_WARN_QUOTED_INCLUDE_IN_FRAMEWORK_HEADER = YES;
				CLANG_WARN_RANGE_LOOP_ANALYSIS = YES;
				CLANG_WARN_STRICT_PROTOTYPES = YES;
				CLANG_WARN_SUSPICIOUS_MOVE = YES;
				CLANG_WARN_UNGUARDED_AVAILABILITY = YES_AGGRESSIVE;
				CLANG_WARN_UNREACHABLE_CODE = YES;
				CLANG_WARN__DUPLICATE_METHOD_MATCH = YES;
				COPY_PHASE_STRIP = NO;
				DEBUG_INFORMATION_FORMAT = dwarf;
				ENABLE_STRICT_OBJC_MSGSEND = YES;
				ENABLE_TESTABILITY = YES;
				GCC_C_LANGUAGE_STANDARD = gnu11;
				GCC_DYNAMIC_NO_PIC = NO;
				GCC_NO_COMMON_BLOCKS = YES;
				GCC_OPTIMIZATION_LEVEL = 0;
				GCC_PREPROCESSOR_DEFINITIONS = (
					"DEBUG=1",
					"$(inherited)",
				);
				GCC_WARN_64_TO_32_BIT_CONVERSION = YES;
				GCC_WARN_ABOUT_RETURN_TYPE = YES_ERROR;
				GCC_WARN_UNDECLARED_SELECTOR = YES;
				GCC_WARN_UNINITIALIZED_AUTOS = YES_AGGRESSIVE;
				GCC_WARN_UNUSED_FUNCTION = YES;
				GCC_WARN_UNUSED_VARIABLE = YES;
				IPHONEOS_DEPLOYMENT_TARGET = 15.2;
				MTL_ENABLE_DEBUG_INFO = INCLUDE_SOURCE;
				MTL_FAST_MATH = YES;
				ONLY_ACTIVE_ARCH = YES;
				SDKROOT = iphoneos;
				SWIFT_ACTIVE_COMPILATION_CONDITIONS = DEBUG;
				SWIFT_OPTIMIZATION_LEVEL = "-Onone";
			};
			name = Debug;
		};
		A9F5A68128080BD300D04550 /* Release */ = {
			isa = XCBuildConfiguration;
			buildSettings = {
				ALWAYS_SEARCH_USER_PATHS = NO;
				CLANG_ANALYZER_NONNULL = YES;
				CLANG_ANALYZER_NUMBER_OBJECT_CONVERSION = YES_AGGRESSIVE;
				CLANG_CXX_LANGUAGE_STANDARD = "gnu++17";
				CLANG_CXX_LIBRARY = "libc++";
				CLANG_ENABLE_MODULES = YES;
				CLANG_ENABLE_OBJC_ARC = YES;
				CLANG_ENABLE_OBJC_WEAK = YES;
				CLANG_WARN_BLOCK_CAPTURE_AUTORELEASING = YES;
				CLANG_WARN_BOOL_CONVERSION = YES;
				CLANG_WARN_COMMA = YES;
				CLANG_WARN_CONSTANT_CONVERSION = YES;
				CLANG_WARN_DEPRECATED_OBJC_IMPLEMENTATIONS = YES;
				CLANG_WARN_DIRECT_OBJC_ISA_USAGE = YES_ERROR;
				CLANG_WARN_DOCUMENTATION_COMMENTS = YES;
				CLANG_WARN_EMPTY_BODY = YES;
				CLANG_WARN_ENUM_CONVERSION = YES;
				CLANG_WARN_INFINITE_RECURSION = YES;
				CLANG_WARN_INT_CONVERSION = YES;
				CLANG_WARN_NON_LITERAL_NULL_CONVERSION = YES;
				CLANG_WARN_OBJC_IMPLICIT_RETAIN_SELF = YES;
				CLANG_WARN_OBJC_LITERAL_CONVERSION = YES;
				CLANG_WARN_OBJC_ROOT_CLASS = YES_ERROR;
				CLANG_WARN_QUOTED_INCLUDE_IN_FRAMEWORK_HEADER = YES;
				CLANG_WARN_RANGE_LOOP_ANALYSIS = YES;
				CLANG_WARN_STRICT_PROTOTYPES = YES;
				CLANG_WARN_SUSPICIOUS_MOVE = YES;
				CLANG_WARN_UNGUARDED_AVAILABILITY = YES_AGGRESSIVE;
				CLANG_WARN_UNREACHABLE_CODE = YES;
				CLANG_WARN__DUPLICATE_METHOD_MATCH = YES;
				COPY_PHASE_STRIP = NO;
				DEBUG_INFORMATION_FORMAT = "dwarf-with-dsym";
				ENABLE_NS_ASSERTIONS = NO;
				ENABLE_STRICT_OBJC_MSGSEND = YES;
				GCC_C_LANGUAGE_STANDARD = gnu11;
				GCC_NO_COMMON_BLOCKS = YES;
				GCC_WARN_64_TO_32_BIT_CONVERSION = YES;
				GCC_WARN_ABOUT_RETURN_TYPE = YES_ERROR;
				GCC_WARN_UNDECLARED_SELECTOR = YES;
				GCC_WARN_UNINITIALIZED_AUTOS = YES_AGGRESSIVE;
				GCC_WARN_UNUSED_FUNCTION = YES;
				GCC_WARN_UNUSED_VARIABLE = YES;
				IPHONEOS_DEPLOYMENT_TARGET = 15.2;
				MTL_ENABLE_DEBUG_INFO = NO;
				MTL_FAST_MATH = YES;
				SDKROOT = iphoneos;
				SWIFT_COMPILATION_MODE = wholemodule;
				SWIFT_OPTIMIZATION_LEVEL = "-O";
				VALIDATE_PRODUCT = YES;
			};
			name = Release;
		};
		A9F5A68328080BD300D04550 /* Debug */ = {
			isa = XCBuildConfiguration;
			buildSettings = {
				ASSETCATALOG_COMPILER_APPICON_NAME = AppIcon;
				ASSETCATALOG_COMPILER_GLOBAL_ACCENT_COLOR_NAME = AccentColor;
				CODE_SIGN_STYLE = Automatic;
				CURRENT_PROJECT_VERSION = 1;
				DEVELOPMENT_ASSET_PATHS = "\"SwiftUI Essentials/Preview Content\"";
				DEVELOPMENT_TEAM = 26V6BQBWSY;
				ENABLE_PREVIEWS = YES;
				GENERATE_INFOPLIST_FILE = YES;
				INFOPLIST_KEY_UIApplicationSceneManifest_Generation = YES;
				INFOPLIST_KEY_UIApplicationSupportsIndirectInputEvents = YES;
				INFOPLIST_KEY_UILaunchScreen_Generation = YES;
				INFOPLIST_KEY_UISupportedInterfaceOrientations_iPad = "UIInterfaceOrientationPortrait UIInterfaceOrientationPortraitUpsideDown UIInterfaceOrientationLandscapeLeft UIInterfaceOrientationLandscapeRight";
				INFOPLIST_KEY_UISupportedInterfaceOrientations_iPhone = "UIInterfaceOrientationPortrait UIInterfaceOrientationLandscapeLeft UIInterfaceOrientationLandscapeRight";
				LD_RUNPATH_SEARCH_PATHS = (
					"$(inherited)",
					"@executable_path/Frameworks",
				);
				MARKETING_VERSION = 1.0;
				PRODUCT_BUNDLE_IDENTIFIER = "com.SwiftUI-Essentials";
				PRODUCT_NAME = "$(TARGET_NAME)";
				SWIFT_EMIT_LOC_STRINGS = YES;
				SWIFT_VERSION = 5.0;
				TARGETED_DEVICE_FAMILY = "1,2";
			};
			name = Debug;
		};
		A9F5A68428080BD300D04550 /* Release */ = {
			isa = XCBuildConfiguration;
			buildSettings = {
				ASSETCATALOG_COMPILER_APPICON_NAME = AppIcon;
				ASSETCATALOG_COMPILER_GLOBAL_ACCENT_COLOR_NAME = AccentColor;
				CODE_SIGN_STYLE = Automatic;
				CURRENT_PROJECT_VERSION = 1;
				DEVELOPMENT_ASSET_PATHS = "\"SwiftUI Essentials/Preview Content\"";
				DEVELOPMENT_TEAM = 26V6BQBWSY;
				ENABLE_PREVIEWS = YES;
				GENERATE_INFOPLIST_FILE = YES;
				INFOPLIST_KEY_UIApplicationSceneManifest_Generation = YES;
				INFOPLIST_KEY_UIApplicationSupportsIndirectInputEvents = YES;
				INFOPLIST_KEY_UILaunchScreen_Generation = YES;
				INFOPLIST_KEY_UISupportedInterfaceOrientations_iPad = "UIInterfaceOrientationPortrait UIInterfaceOrientationPortraitUpsideDown UIInterfaceOrientationLandscapeLeft UIInterfaceOrientationLandscapeRight";
				INFOPLIST_KEY_UISupportedInterfaceOrientations_iPhone = "UIInterfaceOrientationPortrait UIInterfaceOrientationLandscapeLeft UIInterfaceOrientationLandscapeRight";
				LD_RUNPATH_SEARCH_PATHS = (
					"$(inherited)",
					"@executable_path/Frameworks",
				);
				MARKETING_VERSION = 1.0;
				PRODUCT_BUNDLE_IDENTIFIER = "com.SwiftUI-Essentials";
				PRODUCT_NAME = "$(TARGET_NAME)";
				SWIFT_EMIT_LOC_STRINGS = YES;
				SWIFT_VERSION = 5.0;
				TARGETED_DEVICE_FAMILY = "1,2";
			};
			name = Release;
		};
/* End XCBuildConfiguration section */

/* Begin XCConfigurationList section */
		A9F5A66F28080BCF00D04550 /* Build configuration list for PBXProject "SwiftUI Essentials" */ = {
			isa = XCConfigurationList;
			buildConfigurations = (
				A9F5A68028080BD300D04550 /* Debug */,
				A9F5A68128080BD300D04550 /* Release */,
			);
			defaultConfigurationIsVisible = 0;
			defaultConfigurationName = Release;
		};
		A9F5A68228080BD300D04550 /* Build configuration list for PBXNativeTarget "SwiftUI Essentials" */ = {
			isa = XCConfigurationList;
			buildConfigurations = (
				A9F5A68328080BD300D04550 /* Debug */,
				A9F5A68428080BD300D04550 /* Release */,
			);
			defaultConfigurationIsVisible = 0;
			defaultConfigurationName = Release;
		};
/* End XCConfigurationList section */
	};
	rootObject = A9F5A66C28080BCF00D04550 /* Project object */;
}
